
Microsoft Visual Studio Solution File, Format Version 12.00
# Visual Studio Version 17
VisualStudioVersion = 17.0.31903.59
MinimumVisualStudioVersion = 10.0.40219.1
Project("{FAE04EC0-301F-11D3-BF4B-00C04F79EFBC}") = "CryptoGuard.MAUI", "CryptoGuard.MAUI\CryptoGuard.MAUI.csproj", "{3F7F15F4-CED8-42C5-90A5-785E386D0AF6}"
EndProject
Project("{FAE04EC0-301F-11D3-BF4B-00C04F79EFBC}") = "CryptoGuard.Core", "CryptoGuard.Core\CryptoGuard.Core.csproj", "{90A56D9C-832A-4EF2-A0B2-50DBA3E73B65}"
EndProject
Project("{FAE04EC0-301F-11D3-BF4B-00C04F79EFBC}") = "CryptoGuard.Infrastructure", "CryptoGuard.Infrastructure\CryptoGuard.Infrastructure.csproj", "{0AF43300-AC72-4C30-91D9-5DD119F09513}"
EndProject
Project("{FAE04EC0-301F-11D3-BF4B-00C04F79EFBC}") = "CryptoGuard.Services", "CryptoGuard.Services\CryptoGuard.Services.csproj", "{80FFA4D3-3940-4ECA-92F7-07F174F4CC26}"
EndProject
Global
	GlobalSection(SolutionConfigurationPlatforms) = preSolution
		Debug|Any CPU = Debug|Any CPU
		Debug|x64 = Debug|x64
		Debug|x86 = Debug|x86
		Release|Any CPU = Release|Any CPU
		Release|x64 = Release|x64
		Release|x86 = Release|x86
	EndGlobalSection
	GlobalSection(ProjectConfigurationPlatforms) = postSolution
		{3F7F15F4-CED8-42C5-90A5-785E386D0AF6}.Debug|Any CPU.ActiveCfg = Debug|Any CPU
		{3F7F15F4-CED8-42C5-90A5-785E386D0AF6}.Debug|Any CPU.Build.0 = Debug|Any CPU
		{3F7F15F4-CED8-42C5-90A5-785E386D0AF6}.Debug|x64.ActiveCfg = Debug|Any CPU
		{3F7F15F4-CED8-42C5-90A5-785E386D0AF6}.Debug|x64.Build.0 = Debug|Any CPU
		{3F7F15F4-CED8-42C5-90A5-785E386D0AF6}.Debug|x86.ActiveCfg = Debug|Any CPU
		{3F7F15F4-CED8-42C5-90A5-785E386D0AF6}.Debug|x86.Build.0 = Debug|Any CPU
		{3F7F15F4-CED8-42C5-90A5-785E386D0AF6}.Release|Any CPU.ActiveCfg = Release|Any CPU
		{3F7F15F4-CED8-42C5-90A5-785E386D0AF6}.Release|Any CPU.Build.0 = Release|Any CPU
		{3F7F15F4-CED8-42C5-90A5-785E386D0AF6}.Release|x64.ActiveCfg = Release|Any CPU
		{3F7F15F4-CED8-42C5-90A5-785E386D0AF6}.Release|x64.Build.0 = Release|Any CPU
		{3F7F15F4-CED8-42C5-90A5-785E386D0AF6}.Release|x86.ActiveCfg = Release|Any CPU
		{3F7F15F4-CED8-42C5-90A5-785E386D0AF6}.Release|x86.Build.0 = Release|Any CPU
		{90A56D9C-832A-4EF2-A0B2-50DBA3E73B65}.Debug|Any CPU.ActiveCfg = Debug|Any CPU
		{90A56D9C-832A-4EF2-A0B2-50DBA3E73B65}.Debug|Any CPU.Build.0 = Debug|Any CPU
		{90A56D9C-832A-4EF2-A0B2-50DBA3E73B65}.Debug|x64.ActiveCfg = Debug|Any CPU
		{90A56D9C-832A-4EF2-A0B2-50DBA3E73B65}.Debug|x64.Build.0 = Debug|Any CPU
		{90A56D9C-832A-4EF2-A0B2-50DBA3E73B65}.Debug|x86.ActiveCfg = Debug|Any CPU
		{90A56D9C-832A-4EF2-A0B2-50DBA3E73B65}.Debug|x86.Build.0 = Debug|Any CPU
		{90A56D9C-832A-4EF2-A0B2-50DBA3E73B65}.Release|Any CPU.ActiveCfg = Release|Any CPU
		{90A56D9C-832A-4EF2-A0B2-50DBA3E73B65}.Release|Any CPU.Build.0 = Release|Any CPU
		{90A56D9C-832A-4EF2-A0B2-50DBA3E73B65}.Release|x64.ActiveCfg = Release|Any CPU
		{90A56D9C-832A-4EF2-A0B2-50DBA3E73B65}.Release|x64.Build.0 = Release|Any CPU
		{90A56D9C-832A-4EF2-A0B2-50DBA3E73B65}.Release|x86.ActiveCfg = Release|Any CPU
		{90A56D9C-832A-4EF2-A0B2-50DBA3E73B65}.Release|x86.Build.0 = Release|Any CPU
		{0AF43300-AC72-4C30-91D9-5DD119F09513}.Debug|Any CPU.ActiveCfg = Debug|Any CPU
		{0AF43300-AC72-4C30-91D9-5DD119F09513}.Debug|Any CPU.Build.0 = Debug|Any CPU
		{0AF43300-AC72-4C30-91D9-5DD119F09513}.Debug|x64.ActiveCfg = Debug|Any CPU
		{0AF43300-AC72-4C30-91D9-5DD119F09513}.Debug|x64.Build.0 = Debug|Any CPU
		{0AF43300-AC72-4C30-91D9-5DD119F09513}.Debug|x86.ActiveCfg = Debug|Any CPU
		{0AF43300-AC72-4C30-91D9-5DD119F09513}.Debug|x86.Build.0 = Debug|Any CPU
		{0AF43300-AC72-4C30-91D9-5DD119F09513}.Release|Any CPU.ActiveCfg = Release|Any CPU
		{0AF43300-AC72-4C30-91D9-5DD119F09513}.Release|Any CPU.Build.0 = Release|Any CPU
		{0AF43300-AC72-4C30-91D9-5DD119F09513}.Release|x64.ActiveCfg = Release|Any CPU
		{0AF43300-AC72-4C30-91D9-5DD119F09513}.Release|x64.Build.0 = Release|Any CPU
		{0AF43300-AC72-4C30-91D9-5DD119F09513}.Release|x86.ActiveCfg = Release|Any CPU
		{0AF43300-AC72-4C30-91D9-5DD119F09513}.Release|x86.Build.0 = Release|Any CPU
		{80FFA4D3-3940-4ECA-92F7-07F174F4CC26}.Debug|Any CPU.ActiveCfg = Debug|Any CPU
		{80FFA4D3-3940-4ECA-92F7-07F174F4CC26}.Debug|Any CPU.Build.0 = Debug|Any CPU
		{80FFA4D3-3940-4ECA-92F7-07F174F4CC26}.Debug|x64.ActiveCfg = Debug|Any CPU
		{80FFA4D3-3940-4ECA-92F7-07F174F4CC26}.Debug|x64.Build.0 = Debug|Any CPU
		{80FFA4D3-3940-4ECA-92F7-07F174F4CC26}.Debug|x86.ActiveCfg = Debug|Any CPU
		{80FFA4D3-3940-4ECA-92F7-07F174F4CC26}.Debug|x86.Build.0 = Debug|Any CPU
		{80FFA4D3-3940-4ECA-92F7-07F174F4CC26}.Release|Any CPU.ActiveCfg = Release|Any CPU
		{80FFA4D3-3940-4ECA-92F7-07F174F4CC26}.Release|Any CPU.Build.0 = Release|Any CPU
		{80FFA4D3-3940-4ECA-92F7-07F174F4CC26}.Release|x64.ActiveCfg = Release|Any CPU
		{80FFA4D3-3940-4ECA-92F7-07F174F4CC26}.Release|x64.Build.0 = Release|Any CPU
		{80FFA4D3-3940-4ECA-92F7-07F174F4CC26}.Release|x86.ActiveCfg = Release|Any CPU
		{80FFA4D3-3940-4ECA-92F7-07F174F4CC26}.Release|x86.Build.0 = Release|Any CPU
	EndGlobalSection
	GlobalSection(SolutionProperties) = preSolution
		HideSolutionNode = FALSE
	EndGlobalSection
EndGlobal
